
Microsoft Visual Studio Solution File, Format Version 12.00
# Visual Studio 15
VisualStudioVersion = 15.0.26228.4
MinimumVisualStudioVersion = 10.0.40219.1
Project("{FAE04EC0-301F-11D3-BF4B-00C04F79EFBC}") = "Ndx.Shell.Console", "Ndx.Shell.Console\Ndx.Shell.Console.csproj", "{75454215-419C-4EC6-9776-06575F374D22}"
EndProject
Project("{FAE04EC0-301F-11D3-BF4B-00C04F79EFBC}") = "Ndx.Utils", "Ndx.Utils\Ndx.Utils.csproj", "{CAD4B73F-5BAB-479F-BE15-C7BDCC510FA3}"
EndProject
Project("{FAE04EC0-301F-11D3-BF4B-00C04F79EFBC}") = "Ndx.Test", "Ndx.Test\Ndx.Test.csproj", "{49B8D9AC-4DE9-4623-ACDC-9A0FC4024A0E}"
EndProject
Project("{2150E333-8FDC-42A3-9474-1A3956D46DE8}") = "Tools", "Tools", "{D88F88ED-6A2A-4EA8-9B67-725FBF2B4BC9}"
EndProject
Project("{FAE04EC0-301F-11D3-BF4B-00C04F79EFBC}") = "Ndx.Ingest.Trace", "Ndx.Ingest.Trace\Ndx.Ingest.Trace.csproj", "{94D924A3-8AC1-4DB2-BDDC-862D8A978E31}"
EndProject
Project("{2150E333-8FDC-42A3-9474-1A3956D46DE8}") = "Solution Items", "Solution Items", "{8729B1AA-76E6-4A28-9379-A53EB95CBB93}"
	ProjectSection(SolutionItems) = preProject
		CassandraSpark.md = CassandraSpark.md
		README.md = README.md
		TraceLibrary.md = TraceLibrary.md
	EndProjectSection
EndProject
Project("{FAE04EC0-301F-11D3-BF4B-00C04F79EFBC}") = "Ndx.Shell.Commands", "Ndx.Shell.Commands\Ndx.Shell.Commands.csproj", "{96565D54-4EAB-455A-85FE-AE5EA02B4EFE}"
EndProject
Project("{2150E333-8FDC-42A3-9474-1A3956D46DE8}") = "Hadoop", "Hadoop", "{D6FA9DF5-DD4E-487F-B8D3-DF433CF2A199}"
	ProjectSection(SolutionItems) = preProject
		Hadoop\CassandraDbFormat.md = Hadoop\CassandraDbFormat.md
		HadoopCluster.md = HadoopCluster.md
		NdxInSpark.md = NdxInSpark.md
	EndProjectSection
EndProject
Project("{FAE04EC0-301F-11D3-BF4B-00C04F79EFBC}") = "Ndx.Ipfix", "Ndx.Ipfix\Ndx.Ipfix.csproj", "{4A62DEF0-2792-4380-B6C8-EC5B53784746}"
EndProject
Project("{FAE04EC0-301F-11D3-BF4B-00C04F79EFBC}") = "IngestPcap", "Hadoop\IngestPcap\IngestPcap.csproj", "{74D03D2C-C56E-4572-8F6D-3CC505B8448E}"
EndProject
Project("{FAE04EC0-301F-11D3-BF4B-00C04F79EFBC}") = "Ndx.Model", "Ndx.Metacap\Ndx.Model.csproj", "{6C85CA82-04E3-4600-80AB-12B53F6AE4B3}"
EndProject
Project("{FAE04EC0-301F-11D3-BF4B-00C04F79EFBC}") = "Ndx.Captures", "Ndx.Captures\Ndx.Captures.csproj", "{F7893DF7-5638-43BC-91E5-E612E4D0AD53}"
EndProject
Project("{FAE04EC0-301F-11D3-BF4B-00C04F79EFBC}") = "Ndx.TShark", "Ndx.TShark\Ndx.TShark.csproj", "{95F5F22B-8E43-4342-B3B3-86EE57A803A8}"
EndProject
Project("{2150E333-8FDC-42A3-9474-1A3956D46DE8}") = "TestData", "TestData", "{76D3A5B1-53A8-4105-9671-82FAAE2A7F05}"
	ProjectSection(SolutionItems) = preProject
		TestData\http.cap = TestData\http.cap
		TestData\http_chunked_gzip.cap = TestData\http_chunked_gzip.cap
		TestData\http_gzip.cap = TestData\http_gzip.cap
		TestData\http_with_jpegs.cap = TestData\http_with_jpegs.cap
	EndProjectSection
EndProject
Project("{FAE04EC0-301F-11D3-BF4B-00C04F79EFBC}") = "Ndx.Decoders", "Ndx.Decoders\Ndx.Decoders.csproj", "{80F0F0E1-B4BD-4AF5-8E92-3F9D2EC4E78A}"
EndProject
Global
	GlobalSection(SolutionConfigurationPlatforms) = preSolution
		Debug|Any CPU = Debug|Any CPU
		Debug|x64 = Debug|x64
		Debug|x86 = Debug|x86
		Release|Any CPU = Release|Any CPU
		Release|x64 = Release|x64
		Release|x86 = Release|x86
	EndGlobalSection
	GlobalSection(ProjectConfigurationPlatforms) = postSolution
		{75454215-419C-4EC6-9776-06575F374D22}.Debug|Any CPU.ActiveCfg = Debug|Any CPU
		{75454215-419C-4EC6-9776-06575F374D22}.Debug|Any CPU.Build.0 = Debug|Any CPU
		{75454215-419C-4EC6-9776-06575F374D22}.Debug|x64.ActiveCfg = Debug|Any CPU
		{75454215-419C-4EC6-9776-06575F374D22}.Debug|x64.Build.0 = Debug|Any CPU
		{75454215-419C-4EC6-9776-06575F374D22}.Debug|x86.ActiveCfg = Debug|Any CPU
		{75454215-419C-4EC6-9776-06575F374D22}.Debug|x86.Build.0 = Debug|Any CPU
		{75454215-419C-4EC6-9776-06575F374D22}.Release|Any CPU.ActiveCfg = Release|Any CPU
		{75454215-419C-4EC6-9776-06575F374D22}.Release|Any CPU.Build.0 = Release|Any CPU
		{75454215-419C-4EC6-9776-06575F374D22}.Release|x64.ActiveCfg = Release|Any CPU
		{75454215-419C-4EC6-9776-06575F374D22}.Release|x64.Build.0 = Release|Any CPU
		{75454215-419C-4EC6-9776-06575F374D22}.Release|x86.ActiveCfg = Release|Any CPU
		{75454215-419C-4EC6-9776-06575F374D22}.Release|x86.Build.0 = Release|Any CPU
		{CAD4B73F-5BAB-479F-BE15-C7BDCC510FA3}.Debug|Any CPU.ActiveCfg = Debug|Any CPU
		{CAD4B73F-5BAB-479F-BE15-C7BDCC510FA3}.Debug|Any CPU.Build.0 = Debug|Any CPU
		{CAD4B73F-5BAB-479F-BE15-C7BDCC510FA3}.Debug|x64.ActiveCfg = Debug|Any CPU
		{CAD4B73F-5BAB-479F-BE15-C7BDCC510FA3}.Debug|x64.Build.0 = Debug|Any CPU
		{CAD4B73F-5BAB-479F-BE15-C7BDCC510FA3}.Debug|x86.ActiveCfg = Debug|Any CPU
		{CAD4B73F-5BAB-479F-BE15-C7BDCC510FA3}.Debug|x86.Build.0 = Debug|Any CPU
		{CAD4B73F-5BAB-479F-BE15-C7BDCC510FA3}.Release|Any CPU.ActiveCfg = Release|Any CPU
		{CAD4B73F-5BAB-479F-BE15-C7BDCC510FA3}.Release|Any CPU.Build.0 = Release|Any CPU
		{CAD4B73F-5BAB-479F-BE15-C7BDCC510FA3}.Release|x64.ActiveCfg = Release|Any CPU
		{CAD4B73F-5BAB-479F-BE15-C7BDCC510FA3}.Release|x64.Build.0 = Release|Any CPU
		{CAD4B73F-5BAB-479F-BE15-C7BDCC510FA3}.Release|x86.ActiveCfg = Release|Any CPU
		{CAD4B73F-5BAB-479F-BE15-C7BDCC510FA3}.Release|x86.Build.0 = Release|Any CPU
		{49B8D9AC-4DE9-4623-ACDC-9A0FC4024A0E}.Debug|Any CPU.ActiveCfg = Debug|Any CPU
		{49B8D9AC-4DE9-4623-ACDC-9A0FC4024A0E}.Debug|Any CPU.Build.0 = Debug|Any CPU
		{49B8D9AC-4DE9-4623-ACDC-9A0FC4024A0E}.Debug|x64.ActiveCfg = Debug|Any CPU
		{49B8D9AC-4DE9-4623-ACDC-9A0FC4024A0E}.Debug|x64.Build.0 = Debug|Any CPU
		{49B8D9AC-4DE9-4623-ACDC-9A0FC4024A0E}.Debug|x86.ActiveCfg = Debug|Any CPU
		{49B8D9AC-4DE9-4623-ACDC-9A0FC4024A0E}.Debug|x86.Build.0 = Debug|Any CPU
		{49B8D9AC-4DE9-4623-ACDC-9A0FC4024A0E}.Release|Any CPU.ActiveCfg = Release|Any CPU
		{49B8D9AC-4DE9-4623-ACDC-9A0FC4024A0E}.Release|Any CPU.Build.0 = Release|Any CPU
		{49B8D9AC-4DE9-4623-ACDC-9A0FC4024A0E}.Release|x64.ActiveCfg = Release|Any CPU
		{49B8D9AC-4DE9-4623-ACDC-9A0FC4024A0E}.Release|x64.Build.0 = Release|Any CPU
		{49B8D9AC-4DE9-4623-ACDC-9A0FC4024A0E}.Release|x86.ActiveCfg = Release|Any CPU
		{49B8D9AC-4DE9-4623-ACDC-9A0FC4024A0E}.Release|x86.Build.0 = Release|Any CPU
		{94D924A3-8AC1-4DB2-BDDC-862D8A978E31}.Debug|Any CPU.ActiveCfg = Debug|Any CPU
		{94D924A3-8AC1-4DB2-BDDC-862D8A978E31}.Debug|Any CPU.Build.0 = Debug|Any CPU
		{94D924A3-8AC1-4DB2-BDDC-862D8A978E31}.Debug|x64.ActiveCfg = Debug|Any CPU
		{94D924A3-8AC1-4DB2-BDDC-862D8A978E31}.Debug|x64.Build.0 = Debug|Any CPU
		{94D924A3-8AC1-4DB2-BDDC-862D8A978E31}.Debug|x86.ActiveCfg = Debug|Any CPU
		{94D924A3-8AC1-4DB2-BDDC-862D8A978E31}.Debug|x86.Build.0 = Debug|Any CPU
		{94D924A3-8AC1-4DB2-BDDC-862D8A978E31}.Release|Any CPU.ActiveCfg = Release|Any CPU
		{94D924A3-8AC1-4DB2-BDDC-862D8A978E31}.Release|Any CPU.Build.0 = Release|Any CPU
		{94D924A3-8AC1-4DB2-BDDC-862D8A978E31}.Release|x64.ActiveCfg = Release|Any CPU
		{94D924A3-8AC1-4DB2-BDDC-862D8A978E31}.Release|x64.Build.0 = Release|Any CPU
		{94D924A3-8AC1-4DB2-BDDC-862D8A978E31}.Release|x86.ActiveCfg = Release|Any CPU
		{94D924A3-8AC1-4DB2-BDDC-862D8A978E31}.Release|x86.Build.0 = Release|Any CPU
		{96565D54-4EAB-455A-85FE-AE5EA02B4EFE}.Debug|Any CPU.ActiveCfg = Debug|Any CPU
		{96565D54-4EAB-455A-85FE-AE5EA02B4EFE}.Debug|Any CPU.Build.0 = Debug|Any CPU
		{96565D54-4EAB-455A-85FE-AE5EA02B4EFE}.Debug|x64.ActiveCfg = Debug|Any CPU
		{96565D54-4EAB-455A-85FE-AE5EA02B4EFE}.Debug|x64.Build.0 = Debug|Any CPU
		{96565D54-4EAB-455A-85FE-AE5EA02B4EFE}.Debug|x86.ActiveCfg = Debug|Any CPU
		{96565D54-4EAB-455A-85FE-AE5EA02B4EFE}.Debug|x86.Build.0 = Debug|Any CPU
		{96565D54-4EAB-455A-85FE-AE5EA02B4EFE}.Release|Any CPU.ActiveCfg = Release|Any CPU
		{96565D54-4EAB-455A-85FE-AE5EA02B4EFE}.Release|Any CPU.Build.0 = Release|Any CPU
		{96565D54-4EAB-455A-85FE-AE5EA02B4EFE}.Release|x64.ActiveCfg = Release|Any CPU
		{96565D54-4EAB-455A-85FE-AE5EA02B4EFE}.Release|x64.Build.0 = Release|Any CPU
		{96565D54-4EAB-455A-85FE-AE5EA02B4EFE}.Release|x86.ActiveCfg = Release|Any CPU
		{96565D54-4EAB-455A-85FE-AE5EA02B4EFE}.Release|x86.Build.0 = Release|Any CPU
		{4A62DEF0-2792-4380-B6C8-EC5B53784746}.Debug|Any CPU.ActiveCfg = Debug|Any CPU
		{4A62DEF0-2792-4380-B6C8-EC5B53784746}.Debug|Any CPU.Build.0 = Debug|Any CPU
		{4A62DEF0-2792-4380-B6C8-EC5B53784746}.Debug|x64.ActiveCfg = Debug|Any CPU
		{4A62DEF0-2792-4380-B6C8-EC5B53784746}.Debug|x64.Build.0 = Debug|Any CPU
		{4A62DEF0-2792-4380-B6C8-EC5B53784746}.Debug|x86.ActiveCfg = Debug|Any CPU
		{4A62DEF0-2792-4380-B6C8-EC5B53784746}.Debug|x86.Build.0 = Debug|Any CPU
		{4A62DEF0-2792-4380-B6C8-EC5B53784746}.Release|Any CPU.ActiveCfg = Release|Any CPU
		{4A62DEF0-2792-4380-B6C8-EC5B53784746}.Release|Any CPU.Build.0 = Release|Any CPU
		{4A62DEF0-2792-4380-B6C8-EC5B53784746}.Release|x64.ActiveCfg = Release|Any CPU
		{4A62DEF0-2792-4380-B6C8-EC5B53784746}.Release|x64.Build.0 = Release|Any CPU
		{4A62DEF0-2792-4380-B6C8-EC5B53784746}.Release|x86.ActiveCfg = Release|Any CPU
		{4A62DEF0-2792-4380-B6C8-EC5B53784746}.Release|x86.Build.0 = Release|Any CPU
		{74D03D2C-C56E-4572-8F6D-3CC505B8448E}.Debug|Any CPU.ActiveCfg = Debug|Any CPU
		{74D03D2C-C56E-4572-8F6D-3CC505B8448E}.Debug|Any CPU.Build.0 = Debug|Any CPU
		{74D03D2C-C56E-4572-8F6D-3CC505B8448E}.Debug|x64.ActiveCfg = Debug|Any CPU
		{74D03D2C-C56E-4572-8F6D-3CC505B8448E}.Debug|x64.Build.0 = Debug|Any CPU
		{74D03D2C-C56E-4572-8F6D-3CC505B8448E}.Debug|x86.ActiveCfg = Debug|Any CPU
		{74D03D2C-C56E-4572-8F6D-3CC505B8448E}.Debug|x86.Build.0 = Debug|Any CPU
		{74D03D2C-C56E-4572-8F6D-3CC505B8448E}.Release|Any CPU.ActiveCfg = Release|Any CPU
		{74D03D2C-C56E-4572-8F6D-3CC505B8448E}.Release|Any CPU.Build.0 = Release|Any CPU
		{74D03D2C-C56E-4572-8F6D-3CC505B8448E}.Release|x64.ActiveCfg = Release|Any CPU
		{74D03D2C-C56E-4572-8F6D-3CC505B8448E}.Release|x64.Build.0 = Release|Any CPU
		{74D03D2C-C56E-4572-8F6D-3CC505B8448E}.Release|x86.ActiveCfg = Release|Any CPU
		{74D03D2C-C56E-4572-8F6D-3CC505B8448E}.Release|x86.Build.0 = Release|Any CPU
		{6C85CA82-04E3-4600-80AB-12B53F6AE4B3}.Debug|Any CPU.ActiveCfg = Debug|Any CPU
		{6C85CA82-04E3-4600-80AB-12B53F6AE4B3}.Debug|Any CPU.Build.0 = Debug|Any CPU
		{6C85CA82-04E3-4600-80AB-12B53F6AE4B3}.Debug|x64.ActiveCfg = Debug|Any CPU
		{6C85CA82-04E3-4600-80AB-12B53F6AE4B3}.Debug|x64.Build.0 = Debug|Any CPU
		{6C85CA82-04E3-4600-80AB-12B53F6AE4B3}.Debug|x86.ActiveCfg = Debug|Any CPU
		{6C85CA82-04E3-4600-80AB-12B53F6AE4B3}.Debug|x86.Build.0 = Debug|Any CPU
		{6C85CA82-04E3-4600-80AB-12B53F6AE4B3}.Release|Any CPU.ActiveCfg = Release|Any CPU
		{6C85CA82-04E3-4600-80AB-12B53F6AE4B3}.Release|Any CPU.Build.0 = Release|Any CPU
		{6C85CA82-04E3-4600-80AB-12B53F6AE4B3}.Release|x64.ActiveCfg = Release|Any CPU
		{6C85CA82-04E3-4600-80AB-12B53F6AE4B3}.Release|x64.Build.0 = Release|Any CPU
		{6C85CA82-04E3-4600-80AB-12B53F6AE4B3}.Release|x86.ActiveCfg = Release|Any CPU
		{6C85CA82-04E3-4600-80AB-12B53F6AE4B3}.Release|x86.Build.0 = Release|Any CPU
		{F7893DF7-5638-43BC-91E5-E612E4D0AD53}.Debug|Any CPU.ActiveCfg = Debug|Any CPU
		{F7893DF7-5638-43BC-91E5-E612E4D0AD53}.Debug|Any CPU.Build.0 = Debug|Any CPU
		{F7893DF7-5638-43BC-91E5-E612E4D0AD53}.Debug|x64.ActiveCfg = Debug|Any CPU
		{F7893DF7-5638-43BC-91E5-E612E4D0AD53}.Debug|x64.Build.0 = Debug|Any CPU
		{F7893DF7-5638-43BC-91E5-E612E4D0AD53}.Debug|x86.ActiveCfg = Debug|Any CPU
		{F7893DF7-5638-43BC-91E5-E612E4D0AD53}.Debug|x86.Build.0 = Debug|Any CPU
		{F7893DF7-5638-43BC-91E5-E612E4D0AD53}.Release|Any CPU.ActiveCfg = Release|Any CPU
		{F7893DF7-5638-43BC-91E5-E612E4D0AD53}.Release|Any CPU.Build.0 = Release|Any CPU
		{F7893DF7-5638-43BC-91E5-E612E4D0AD53}.Release|x64.ActiveCfg = Release|Any CPU
		{F7893DF7-5638-43BC-91E5-E612E4D0AD53}.Release|x64.Build.0 = Release|Any CPU
		{F7893DF7-5638-43BC-91E5-E612E4D0AD53}.Release|x86.ActiveCfg = Release|Any CPU
		{F7893DF7-5638-43BC-91E5-E612E4D0AD53}.Release|x86.Build.0 = Release|Any CPU
		{95F5F22B-8E43-4342-B3B3-86EE57A803A8}.Debug|Any CPU.ActiveCfg = Debug|Any CPU
		{95F5F22B-8E43-4342-B3B3-86EE57A803A8}.Debug|Any CPU.Build.0 = Debug|Any CPU
		{95F5F22B-8E43-4342-B3B3-86EE57A803A8}.Debug|x64.ActiveCfg = Debug|Any CPU
		{95F5F22B-8E43-4342-B3B3-86EE57A803A8}.Debug|x64.Build.0 = Debug|Any CPU
		{95F5F22B-8E43-4342-B3B3-86EE57A803A8}.Debug|x86.ActiveCfg = Debug|Any CPU
		{95F5F22B-8E43-4342-B3B3-86EE57A803A8}.Debug|x86.Build.0 = Debug|Any CPU
		{95F5F22B-8E43-4342-B3B3-86EE57A803A8}.Release|Any CPU.ActiveCfg = Release|Any CPU
		{95F5F22B-8E43-4342-B3B3-86EE57A803A8}.Release|Any CPU.Build.0 = Release|Any CPU
		{95F5F22B-8E43-4342-B3B3-86EE57A803A8}.Release|x64.ActiveCfg = Release|Any CPU
		{95F5F22B-8E43-4342-B3B3-86EE57A803A8}.Release|x64.Build.0 = Release|Any CPU
		{95F5F22B-8E43-4342-B3B3-86EE57A803A8}.Release|x86.ActiveCfg = Release|Any CPU
		{95F5F22B-8E43-4342-B3B3-86EE57A803A8}.Release|x86.Build.0 = Release|Any CPU
		{80F0F0E1-B4BD-4AF5-8E92-3F9D2EC4E78A}.Debug|Any CPU.ActiveCfg = Debug|Any CPU
		{80F0F0E1-B4BD-4AF5-8E92-3F9D2EC4E78A}.Debug|Any CPU.Build.0 = Debug|Any CPU
		{80F0F0E1-B4BD-4AF5-8E92-3F9D2EC4E78A}.Debug|x64.ActiveCfg = Debug|Any CPU
		{80F0F0E1-B4BD-4AF5-8E92-3F9D2EC4E78A}.Debug|x64.Build.0 = Debug|Any CPU
		{80F0F0E1-B4BD-4AF5-8E92-3F9D2EC4E78A}.Debug|x86.ActiveCfg = Debug|Any CPU
		{80F0F0E1-B4BD-4AF5-8E92-3F9D2EC4E78A}.Debug|x86.Build.0 = Debug|Any CPU
		{80F0F0E1-B4BD-4AF5-8E92-3F9D2EC4E78A}.Release|Any CPU.ActiveCfg = Release|Any CPU
		{80F0F0E1-B4BD-4AF5-8E92-3F9D2EC4E78A}.Release|Any CPU.Build.0 = Release|Any CPU
		{80F0F0E1-B4BD-4AF5-8E92-3F9D2EC4E78A}.Release|x64.ActiveCfg = Release|Any CPU
		{80F0F0E1-B4BD-4AF5-8E92-3F9D2EC4E78A}.Release|x64.Build.0 = Release|Any CPU
		{80F0F0E1-B4BD-4AF5-8E92-3F9D2EC4E78A}.Release|x86.ActiveCfg = Release|Any CPU
		{80F0F0E1-B4BD-4AF5-8E92-3F9D2EC4E78A}.Release|x86.Build.0 = Release|Any CPU
	EndGlobalSection
	GlobalSection(SolutionProperties) = preSolution
		HideSolutionNode = FALSE
	EndGlobalSection
	GlobalSection(NestedProjects) = preSolution
		{74D03D2C-C56E-4572-8F6D-3CC505B8448E} = {D6FA9DF5-DD4E-487F-B8D3-DF433CF2A199}
	EndGlobalSection
EndGlobal
